
Microsoft Visual Studio Solution File, Format Version 12.00
# Visual Studio Version 16
VisualStudioVersion = 16.0.31911.196
MinimumVisualStudioVersion = 10.0.40219.1
Project("{FAE04EC0-301F-11D3-BF4B-00C04F79EFBC}") = "ApiCrudPersons", "ApiCrudPersons\ApiCrudPersons.csproj", "{A0181373-4812-4D06-8162-9293CFDB45E1}"
EndProject
Global
	GlobalSection(SolutionConfigurationPlatforms) = preSolution
		Debug|Any CPU = Debug|Any CPU
		Release|Any CPU = Release|Any CPU
	EndGlobalSection
	GlobalSection(ProjectConfigurationPlatforms) = postSolution
		{A0181373-4812-4D06-8162-9293CFDB45E1}.Debug|Any CPU.ActiveCfg = Debug|Any CPU
		{A0181373-4812-4D06-8162-9293CFDB45E1}.Debug|Any CPU.Build.0 = Debug|Any CPU
		{A0181373-4812-4D06-8162-9293CFDB45E1}.Release|Any CPU.ActiveCfg = Release|Any CPU
		{A0181373-4812-4D06-8162-9293CFDB45E1}.Release|Any CPU.Build.0 = Release|Any CPU
	EndGlobalSection
	GlobalSection(SolutionProperties) = preSolution
		HideSolutionNode = FALSE
	EndGlobalSection
	GlobalSection(ExtensibilityGlobals) = postSolution
		SolutionGuid = {53AC318C-316D-40B7-9736-F72B8CEB43E7}
	EndGlobalSection
EndGlobal
